
Microsoft Visual Studio Solution File, Format Version 12.00
# Visual Studio Version 16
VisualStudioVersion = 16.0.31321.278
MinimumVisualStudioVersion = 10.0.40219.1
Project("{FAE04EC0-301F-11D3-BF4B-00C04F79EFBC}") = "MagazineStore", "MagazineStore.csproj", "{935C789C-32DE-41E9-9E89-3402F4E2E26A}"
EndProject
Global
	GlobalSection(SolutionConfigurationPlatforms) = preSolution
		Debug|Any CPU = Debug|Any CPU
		Release|Any CPU = Release|Any CPU
	EndGlobalSection
	GlobalSection(ProjectConfigurationPlatforms) = postSolution
		{935C789C-32DE-41E9-9E89-3402F4E2E26A}.Debug|Any CPU.ActiveCfg = Debug|Any CPU
		{935C789C-32DE-41E9-9E89-3402F4E2E26A}.Debug|Any CPU.Build.0 = Debug|Any CPU
		{935C789C-32DE-41E9-9E89-3402F4E2E26A}.Release|Any CPU.ActiveCfg = Release|Any CPU
		{935C789C-32DE-41E9-9E89-3402F4E2E26A}.Release|Any CPU.Build.0 = Release|Any CPU
	EndGlobalSection
	GlobalSection(SolutionProperties) = preSolution
		HideSolutionNode = FALSE
	EndGlobalSection
	GlobalSection(ExtensibilityGlobals) = postSolution
		SolutionGuid = {036B1521-629B-496B-8D7D-F81A6577ACDE}
	EndGlobalSection
EndGlobal
